lockfileVersion: '6.0'

settings:
  autoInstallPeers: true
  excludeLinksFromLockfile: false

dependencies:
  solid-js:
    specifier: ^1.8.11
    version: 1.8.11

packages:

  /csstype@3.1.3:
    resolution: {integrity: sha512-M1uQkMl8rQK/szD0LNhtqxIPLpimGm8sOBwU7lLnCpSbTyY3yeU1Vc7l4KT5zT4s/yOxHH5O7tIuuLOCnLADRw==}
    dev: false

  /seroval-plugins@1.0.4(seroval@1.0.4):
    resolution: {integrity: sha512-DQ2IK6oQVvy8k+c2V5x5YCtUa/GGGsUwUBNN9UqohrZ0rWdUapBFpNMYP1bCyRHoxOJjdKGl+dieacFIpU/i1A==}
    engines: {node: '>=10'}
    peerDependencies:
      seroval: ^1.0
    dependencies:
      seroval: 1.0.4
    dev: false

  /seroval@1.0.4:
    resolution: {integrity: sha512-qQs/N+KfJu83rmszFQaTxcoJoPn6KNUruX4KmnmyD0oZkUoiNvJ1rpdYKDf4YHM05k+HOgCxa3yvf15QbVijGg==}
    engines: {node: '>=10'}
    dev: false

  /solid-js@1.8.11:
    resolution: {integrity: sha512-WdwmER+TwBJiN4rVQTVBxocg+9pKlOs41KzPYntrC86xO5sek8TzBYozPEZPL1IRWDouf2lMrvSbIs3CanlPvQ==}
    dependencies:
      csstype: 3.1.3
      seroval: 1.0.4
      seroval-plugins: 1.0.4(seroval@1.0.4)
    dev: false
